// !$*UTF8*$!
{
	archiveVersion = 1;
	classes = {
	};
	objectVersion = 51;
	objects = {

/* Begin PBXBuildFile section */
		183D7918233C88500000D300 /* AppDelegate.swift in Sources */ = {isa = PBXBuildFile; fileRef = 183D7917233C88500000D300 /* AppDelegate.swift */; };
		183D791A233C88500000D300 /* ViewController.swift in Sources */ = {isa = PBXBuildFile; fileRef = 183D7919233C88500000D300 /* ViewController.swift */; };
		183D791D233C88500000D300 /* Main.storyboard in Resources */ = {isa = PBXBuildFile; fileRef = 183D791B233C88500000D300 /* Main.storyboard */; };
		183D791F233C88520000D300 /* Assets.xcassets in Resources */ = {isa = PBXBuildFile; fileRef = 183D791E233C88520000D300 /* Assets.xcassets */; };
		183D7922233C88520000D300 /* LaunchScreen.storyboard in Resources */ = {isa = PBXBuildFile; fileRef = 183D7920233C88520000D300 /* LaunchScreen.storyboard */; };
		183D792A233C8D0B0000D300 /* GoogleService-Info .plist in Resources */ = {isa = PBXBuildFile; fileRef = 183D7929233C8D0B0000D300 /* GoogleService-Info .plist */; };
		18536C66233CDE6700EC4AF3 /* credentials.plist in Resources */ = {isa = PBXBuildFile; fileRef = 18536C65233CDE6700EC4AF3 /* credentials.plist */; };
		F51C801F89EEBA2D8E53A038 /* Pods_Social_Logins.framework in Frameworks */ = {isa = PBXBuildFile; fileRef = 5B2B77CE8066F916F8C61103 /* Pods_Social_Logins.framework */; };
/* End PBXBuildFile section */

/* Begin PBXFileReference section */
		183D7914233C88500000D300 /* Social Logins.app */ = {isa = PBXFileReference; explicitFileType = wrapper.application; includeInIndex = 0; path = "Social Logins.app"; sourceTree = BUILT_PRODUCTS_DIR; };
		183D7917233C88500000D300 /* AppDelegate.swift */ = {isa = PBXFileReference; lastKnownFileType = sourcecode.swift; path = AppDelegate.swift; sourceTree = "<group>"; };
		183D7919233C88500000D300 /* ViewController.swift */ = {isa = PBXFileReference; lastKnownFileType = sourcecode.swift; path = ViewController.swift; sourceTree = "<group>"; };
		183D791C233C88500000D300 /* Base */ = {isa = PBXFileReference; lastKnownFileType = file.storyboard; name = Base; path = Base.lproj/Main.storyboard; sourceTree = "<group>"; };
		183D791E233C88520000D300 /* Assets.xcassets */ = {isa = PBXFileReference; lastKnownFileType = folder.assetcatalog; path = Assets.xcassets; sourceTree = "<group>"; };
		183D7921233C88520000D300 /* Base */ = {isa = PBXFileReference; lastKnownFileType = file.storyboard; name = Base; path = Base.lproj/LaunchScreen.storyboard; sourceTree = "<group>"; };
		183D7923233C88520000D300 /* Info.plist */ = {isa = PBXFileReference; lastKnownFileType = text.plist.xml; path = Info.plist; sourceTree = "<group>"; };
		183D7929233C8D0B0000D300 /* GoogleService-Info .plist */ = {isa = PBXFileReference; fileEncoding = 4; lastKnownFileType = text.plist.xml; name = "GoogleService-Info .plist"; path = "../../../../Desktop/photos/GoogleService-Info .plist"; sourceTree = "<group>"; };
		18536C65233CDE6700EC4AF3 /* credentials.plist */ = {isa = PBXFileReference; fileEncoding = 4; lastKnownFileType = text.plist.xml; path = credentials.plist; sourceTree = "<group>"; };
		2A0E7D87566D3DA598ABB20E /* Pods-Social Logins.release.xcconfig */ = {isa = PBXFileReference; includeInIndex = 1; lastKnownFileType = text.xcconfig; name = "Pods-Social Logins.release.xcconfig"; path = "Target Support Files/Pods-Social Logins/Pods-Social Logins.release.xcconfig"; sourceTree = "<group>"; };
		402BC2D7FBA877C913F5BAC9 /* Pods-Social Logins.debug.xcconfig */ = {isa = PBXFileReference; includeInIndex = 1; lastKnownFileType = text.xcconfig; name = "Pods-Social Logins.debug.xcconfig"; path = "Target Support Files/Pods-Social Logins/Pods-Social Logins.debug.xcconfig"; sourceTree = "<group>"; };
		5B2B77CE8066F916F8C61103 /* Pods_Social_Logins.framework */ = {isa = PBXFileReference; explicitFileType = wrapper.framework; includeInIndex = 0; path = Pods_Social_Logins.framework; sourceTree = BUILT_PRODUCTS_DIR; };
/* End PBXFileReference section */

/* Begin PBXFrameworksBuildPhase section */
		183D7911233C88500000D300 /* Frameworks */ = {
			isa = PBXFrameworksBuildPhase;
			buildActionMask = 2147483647;
			files = (
				F51C801F89EEBA2D8E53A038 /* Pods_Social_Logins.framework in Frameworks */,
			);
			runOnlyForDeploymentPostprocessing = 0;
		};
/* End PBXFrameworksBuildPhase section */

/* Begin PBXGroup section */
		183D790B233C88500000D300 = {
			isa = PBXGroup;
			children = (
				183D7916233C88500000D300 /* Social Logins */,
				183D7915233C88500000D300 /* Products */,
				665A778C627B40BD47D191C0 /* Pods */,
				B56046C18F13070C1289FB90 /* Frameworks */,
			);
			sourceTree = "<group>";
		};
		183D7915233C88500000D300 /* Products */ = {
			isa = PBXGroup;
			children = (
				183D7914233C88500000D300 /* Social Logins.app */,
			);
			name = Products;
			sourceTree = "<group>";
		};
		183D7916233C88500000D300 /* Social Logins */ = {
			isa = PBXGroup;
			children = (
				183D7917233C88500000D300 /* AppDelegate.swift */,
				183D7919233C88500000D300 /* ViewController.swift */,
				183D791B233C88500000D300 /* Main.storyboard */,
				183D7929233C8D0B0000D300 /* GoogleService-Info .plist */,
				18536C65233CDE6700EC4AF3 /* credentials.plist */,
				183D791E233C88520000D300 /* Assets.xcassets */,
				183D7920233C88520000D300 /* LaunchScreen.storyboard */,
				183D7923233C88520000D300 /* Info.plist */,
			);
			path = "Social Logins";
			sourceTree = "<group>";
		};
		665A778C627B40BD47D191C0 /* Pods */ = {
			isa = PBXGroup;
			children = (
				402BC2D7FBA877C913F5BAC9 /* Pods-Social Logins.debug.xcconfig */,
				2A0E7D87566D3DA598ABB20E /* Pods-Social Logins.release.xcconfig */,
			);
			path = Pods;
			sourceTree = "<group>";
		};
		B56046C18F13070C1289FB90 /* Frameworks */ = {
			isa = PBXGroup;
			children = (
				5B2B77CE8066F916F8C61103 /* Pods_Social_Logins.framework */,
			);
			name = Frameworks;
			sourceTree = "<group>";
		};
/* End PBXGroup section */

/* Begin PBXNativeTarget section */
		183D7913233C88500000D300 /* Social Logins */ = {
			isa = PBXNativeTarget;
			buildConfigurationList = 183D7926233C88520000D300 /* Build configuration list for PBXNativeTarget "Social Logins" */;
			buildPhases = (
				DA192068DCC330AFFF653812 /* [CP] Check Pods Manifest.lock */,
				183D7910233C88500000D300 /* Sources */,
				183D7911233C88500000D300 /* Frameworks */,
				183D7912233C88500000D300 /* Resources */,
				17E181BA51EE2F4708519509 /* [CP] Embed Pods Frameworks */,
				12C71C0D562835D418B32CAE /* [CP] Copy Pods Resources */,
			);
			buildRules = (
			);
			dependencies = (
			);
			name = "Social Logins";
			productName = "Social Logins";
			productReference = 183D7914233C88500000D300 /* Social Logins.app */;
			productType = "com.apple.product-type.application";
		};
/* End PBXNativeTarget section */

/* Begin PBXProject section */
		183D790C233C88500000D300 /* Project object */ = {
			isa = PBXProject;
			attributes = {
				LastSwiftUpdateCheck = 1020;
				LastUpgradeCheck = 1020;
				ORGANIZATIONNAME = Appinventiv;
				TargetAttributes = {
					183D7913233C88500000D300 = {
						CreatedOnToolsVersion = 10.2.1;
					};
				};
			};
			buildConfigurationList = 183D790F233C88500000D300 /* Build configuration list for PBXProject "Social Logins" */;
			compatibilityVersion = "Xcode 9.3";
			developmentRegion = en;
			hasScannedForEncodings = 0;
			knownRegions = (
				en,
				Base,
			);
			mainGroup = 183D790B233C88500000D300;
			productRefGroup = 183D7915233C88500000D300 /* Products */;
			projectDirPath = "";
			projectRoot = "";
			targets = (
				183D7913233C88500000D300 /* Social Logins */,
			);
		};
/* End PBXProject section */

/* Begin PBXResourcesBuildPhase section */
		183D7912233C88500000D300 /* Resources */ = {
			isa = PBXResourcesBuildPhase;
			buildActionMask = 2147483647;
			files = (
				183D7922233C88520000D300 /* LaunchScreen.storyboard in Resources */,
				183D791F233C88520000D300 /* Assets.xcassets in Resources */,
				18536C66233CDE6700EC4AF3 /* credentials.plist in Resources */,
				183D791D233C88500000D300 /* Main.storyboard in Resources */,
				183D792A233C8D0B0000D300 /* GoogleService-Info .plist in Resources */,
			);
			runOnlyForDeploymentPostprocessing = 0;
		};
/* End PBXResourcesBuildPhase section */

/* Begin PBXShellScriptBuildPhase section */
		12C71C0D562835D418B32CAE /* [CP] Copy Pods Resources */ = {
			isa = PBXShellScriptBuildPhase;
			buildActionMask = 2147483647;
			files = (
			);
			inputFileListPaths = (
				"${PODS_ROOT}/Target Support Files/Pods-Social Logins/Pods-Social Logins-resources-${CONFIGURATION}-input-files.xcfilelist",
			);
			name = "[CP] Copy Pods Resources";
			outputFileListPaths = (
				"${PODS_ROOT}/Target Support Files/Pods-Social Logins/Pods-Social Logins-resources-${CONFIGURATION}-output-files.xcfilelist",
			);
			runOnlyForDeploymentPostprocessing = 0;
			shellPath = /bin/sh;
			shellScript = "\"${PODS_ROOT}/Target Support Files/Pods-Social Logins/Pods-Social Logins-resources.sh\"\n";
			showEnvVarsInLog = 0;
		};
		17E181BA51EE2F4708519509 /* [CP] Embed Pods Frameworks */ = {
			isa = PBXShellScriptBuildPhase;
			buildActionMask = 2147483647;
			files = (
			);
			inputFileListPaths = (
				"${PODS_ROOT}/Target Support Files/Pods-Social Logins/Pods-Social Logins-frameworks-${CONFIGURATION}-input-files.xcfilelist",
			);
			name = "[CP] Embed Pods Frameworks";
			outputFileListPaths = (
				"${PODS_ROOT}/Target Support Files/Pods-Social Logins/Pods-Social Logins-frameworks-${CONFIGURATION}-output-files.xcfilelist",
			);
			runOnlyForDeploymentPostprocessing = 0;
			shellPath = /bin/sh;
			shellScript = "\"${PODS_ROOT}/Target Support Files/Pods-Social Logins/Pods-Social Logins-frameworks.sh\"\n";
			showEnvVarsInLog = 0;
		};
		DA192068DCC330AFFF653812 /* [CP] Check Pods Manifest.lock */ = {
			isa = PBXShellScriptBuildPhase;
			buildActionMask = 2147483647;
			files = (
			);
			inputFileListPaths = (
			);
			inputPaths = (
				"${PODS_PODFILE_DIR_PATH}/Podfile.lock",
				"${PODS_ROOT}/Manifest.lock",
			);
			name = "[CP] Check Pods Manifest.lock";
			outputFileListPaths = (
			);
			outputPaths = (
				"$(DERIVED_FILE_DIR)/Pods-Social Logins-checkManifestLockResult.txt",
			);
			runOnlyForDeploymentPostprocessing = 0;
			shellPath = /bin/sh;
			shellScript = "diff \"${PODS_PODFILE_DIR_PATH}/Podfile.lock\" \"${PODS_ROOT}/Manifest.lock\" > /dev/null\nif [ $? != 0 ] ; then\n    # print error to STDERR\n    echo \"error: The sandbox is not in sync with the Podfile.lock. Run 'pod install' or update your CocoaPods installation.\" >&2\n    exit 1\nfi\n# This output is used by Xcode 'outputs' to avoid re-running this script phase.\necho \"SUCCESS\" > \"${SCRIPT_OUTPUT_FILE_0}\"\n";
			showEnvVarsInLog = 0;
		};
/* End PBXShellScriptBuildPhase section */

/* Begin PBXSourcesBuildPhase section */
		183D7910233C88500000D300 /* Sources */ = {
			isa = PBXSourcesBuildPhase;
			buildActionMask = 2147483647;
			files = (
				183D791A233C88500000D300 /* ViewController.swift in Sources */,
				183D7918233C88500000D300 /* AppDelegate.swift in Sources */,
			);
			runOnlyForDeploymentPostprocessing = 0;
		};
/* End PBXSourcesBuildPhase section */

/* Begin PBXVariantGroup section */
		183D791B233C88500000D300 /* Main.storyboard */ = {
			isa = PBXVariantGroup;
			children = (
				183D791C233C88500000D300 /* Base */,
			);
			name = Main.storyboard;
			sourceTree = "<group>";
		};
		183D7920233C88520000D300 /* LaunchScreen.storyboard */ = {
			isa = PBXVariantGroup;
			children = (
				183D7921233C88520000D300 /* Base */,
			);
			name = LaunchScreen.storyboard;
			sourceTree = "<group>";
		};
/* End PBXVariantGroup section */

/* Begin XCBuildConfiguration section */
		183D7924233C88520000D300 /* Debug */ = {
			isa = XCBuildConfiguration;
			buildSettings = {
				ALWAYS_SEARCH_USER_PATHS = NO;
				CLANG_ANALYZER_NONNULL = YES;
				CLANG_ANALYZER_NUMBER_OBJECT_CONVERSION = YES_AGGRESSIVE;
				CLANG_CXX_LANGUAGE_STANDARD = "gnu++14";
				CLANG_CXX_LIBRARY = "libc++";
				CLANG_ENABLE_MODULES = YES;
				CLANG_ENABLE_OBJC_ARC = YES;
				CLANG_ENABLE_OBJC_WEAK = YES;
				CLANG_WARN_BLOCK_CAPTURE_AUTORELEASING = YES;
				CLANG_WARN_BOOL_CONVERSION = YES;
				CLANG_WARN_COMMA = YES;
				CLANG_WARN_CONSTANT_CONVERSION = YES;
				CLANG_WARN_DEPRECATED_OBJC_IMPLEMENTATIONS = YES;
				CLANG_WARN_DIRECT_OBJC_ISA_USAGE = YES_ERROR;
				CLANG_WARN_DOCUMENTATION_COMMENTS = YES;
				CLANG_WARN_EMPTY_BODY = YES;
				CLANG_WARN_ENUM_CONVERSION = YES;
				CLANG_WARN_INFINITE_RECURSION = YES;
				CLANG_WARN_INT_CONVERSION = YES;
				CLANG_WARN_NON_LITERAL_NULL_CONVERSION = YES;
				CLANG_WARN_OBJC_IMPLICIT_RETAIN_SELF = YES;
				CLANG_WARN_OBJC_LITERAL_CONVERSION = YES;
				CLANG_WARN_OBJC_ROOT_CLASS = YES_ERROR;
				CLANG_WARN_RANGE_LOOP_ANALYSIS = YES;
				CLANG_WARN_STRICT_PROTOTYPES = YES;
				CLANG_WARN_SUSPICIOUS_MOVE = YES;
				CLANG_WARN_UNGUARDED_AVAILABILITY = YES_AGGRESSIVE;
				CLANG_WARN_UNREACHABLE_CODE = YES;
				CLANG_WARN__DUPLICATE_METHOD_MATCH = YES;
				CODE_SIGN_IDENTITY = "iPhone Developer";
				COPY_PHASE_STRIP = NO;
				DEBUG_INFORMATION_FORMAT = dwarf;
				ENABLE_STRICT_OBJC_MSGSEND = YES;
				ENABLE_TESTABILITY = YES;
				GCC_C_LANGUAGE_STANDARD = gnu11;
				GCC_DYNAMIC_NO_PIC = NO;
				GCC_NO_COMMON_BLOCKS = YES;
				GCC_OPTIMIZATION_LEVEL = 0;
				GCC_PREPROCESSOR_DEFINITIONS = (
					"DEBUG=1",
					"$(inherited)",
				);
				GCC_WARN_64_TO_32_BIT_CONVERSION = YES;
				GCC_WARN_ABOUT_RETURN_TYPE = YES_ERROR;
				GCC_WARN_UNDECLARED_SELECTOR = YES;
				GCC_WARN_UNINITIALIZED_AUTOS = YES_AGGRESSIVE;
				GCC_WARN_UNUSED_FUNCTION = YES;
				GCC_WARN_UNUSED_VARIABLE = YES;
				IPHONEOS_DEPLOYMENT_TARGET = 12.2;
				MTL_ENABLE_DEBUG_INFO = INCLUDE_SOURCE;
				MTL_FAST_MATH = YES;
				ONLY_ACTIVE_ARCH = YES;
				SDKROOT = iphoneos;
				SWIFT_ACTIVE_COMPILATION_CONDITIONS = DEBUG;
				SWIFT_OPTIMIZATION_LEVEL = "-Onone";
			};
			name = Debug;
		};
		183D7925233C88520000D300 /* Release */ = {
			isa = XCBuildConfiguration;
			buildSettings = {
				ALWAYS_SEARCH_USER_PATHS = NO;
				CLANG_ANALYZER_NONNULL = YES;
				CLANG_ANALYZER_NUMBER_OBJECT_CONVERSION = YES_AGGRESSIVE;
				CLANG_CXX_LANGUAGE_STANDARD = "gnu++14";
				CLANG_CXX_LIBRARY = "libc++";
				CLANG_ENABLE_MODULES = YES;
				CLANG_ENABLE_OBJC_ARC = YES;
				CLANG_ENABLE_OBJC_WEAK = YES;
				CLANG_WARN_BLOCK_CAPTURE_AUTORELEASING = YES;
				CLANG_WARN_BOOL_CONVERSION = YES;
				CLANG_WARN_COMMA = YES;
				CLANG_WARN_CONSTANT_CONVERSION = YES;
				CLANG_WARN_DEPRECATED_OBJC_IMPLEMENTATIONS = YES;
				CLANG_WARN_DIRECT_OBJC_ISA_USAGE = YES_ERROR;
				CLANG_WARN_DOCUMENTATION_COMMENTS = YES;
				CLANG_WARN_EMPTY_BODY = YES;
				CLANG_WARN_ENUM_CONVERSION = YES;
				CLANG_WARN_INFINITE_RECURSION = YES;
				CLANG_WARN_INT_CONVERSION = YES;
				CLANG_WARN_NON_LITERAL_NULL_CONVERSION = YES;
				CLANG_WARN_OBJC_IMPLICIT_RETAIN_SELF = YES;
				CLANG_WARN_OBJC_LITERAL_CONVERSION = YES;
				CLANG_WARN_OBJC_ROOT_CLASS = YES_ERROR;
				CLANG_WARN_RANGE_LOOP_ANALYSIS = YES;
				CLANG_WARN_STRICT_PROTOTYPES = YES;
				CLANG_WARN_SUSPICIOUS_MOVE = YES;
				CLANG_WARN_UNGUARDED_AVAILABILITY = YES_AGGRESSIVE;
				CLANG_WARN_UNREACHABLE_CODE = YES;
				CLANG_WARN__DUPLICATE_METHOD_MATCH = YES;
				CODE_SIGN_IDENTITY = "iPhone Developer";
				COPY_PHASE_STRIP = NO;
				DEBUG_INFORMATION_FORMAT = "dwarf-with-dsym";
				ENABLE_NS_ASSERTIONS = NO;
				ENABLE_STRICT_OBJC_MSGSEND = YES;
				GCC_C_LANGUAGE_STANDARD = gnu11;
				GCC_NO_COMMON_BLOCKS = YES;
				GCC_WARN_64_TO_32_BIT_CONVERSION = YES;
				GCC_WARN_ABOUT_RETURN_TYPE = YES_ERROR;
				GCC_WARN_UNDECLARED_SELECTOR = YES;
				GCC_WARN_UNINITIALIZED_AUTOS = YES_AGGRESSIVE;
				GCC_WARN_UNUSED_FUNCTION = YES;
				GCC_WARN_UNUSED_VARIABLE = YES;
				IPHONEOS_DEPLOYMENT_TARGET = 12.2;
				MTL_ENABLE_DEBUG_INFO = NO;
				MTL_FAST_MATH = YES;
				SDKROOT = iphoneos;
				SWIFT_COMPILATION_MODE = wholemodule;
				SWIFT_OPTIMIZATION_LEVEL = "-O";
				VALIDATE_PRODUCT = YES;
			};
			name = Release;
		};
		183D7927233C88520000D300 /* Debug */ = {
			isa = XCBuildConfiguration;
			baseConfigurationReference = 402BC2D7FBA877C913F5BAC9 /* Pods-Social Logins.debug.xcconfig */;
			buildSettings = {
				ASSETCATALOG_COMPILER_APPICON_NAME = AppIcon;
				CODE_SIGN_STYLE = Automatic;
				INFOPLIST_FILE = "Social Logins/Info.plist";
				LD_RUNPATH_SEARCH_PATHS = (
					"$(inherited)",
					"@executable_path/Frameworks",
				);
				PRODUCT_BUNDLE_IDENTIFIER = "com.appinventiv.Social-Logins";
				PRODUCT_NAME = "$(TARGET_NAME)";
				SWIFT_VERSION = 5.0;
				TARGETED_DEVICE_FAMILY = "1,2";
			};
			name = Debug;
		};
		183D7928233C88520000D300 /* Release */ = {
			isa = XCBuildConfiguration;
			baseConfigurationReference = 2A0E7D87566D3DA598ABB20E /* Pods-Social Logins.release.xcconfig */;
			buildSettings = {
				ASSETCATALOG_COMPILER_APPICON_NAME = AppIcon;
				CODE_SIGN_STYLE = Automatic;
				INFOPLIST_FILE = "Social Logins/Info.plist";
				LD_RUNPATH_SEARCH_PATHS = (
					"$(inherited)",
					"@executable_path/Frameworks",
				);
				PRODUCT_BUNDLE_IDENTIFIER = "com.appinventiv.Social-Logins";
				PRODUCT_NAME = "$(TARGET_NAME)";
				SWIFT_VERSION = 5.0;
				TARGETED_DEVICE_FAMILY = "1,2";
			};
			name = Release;
		};
/* End XCBuildConfiguration section */

/* Begin XCConfigurationList section */
		183D790F233C88500000D300 /* Build configuration list for PBXProject "Social Logins" */ = {
			isa = XCConfigurationList;
			buildConfigurations = (
				183D7924233C88520000D300 /* Debug */,
				183D7925233C88520000D300 /* Release */,
			);
			defaultConfigurationIsVisible = 0;
			defaultConfigurationName = Release;
		};
		183D7926233C88520000D300 /* Build configuration list for PBXNativeTarget "Social Logins" */ = {
			isa = XCConfigurationList;
			buildConfigurations = (
				183D7927233C88520000D300 /* Debug */,
				183D7928233C88520000D300 /* Release */,
			);
			defaultConfigurationIsVisible = 0;
			defaultConfigurationName = Release;
		};
/* End XCConfigurationList section */
	};
	rootObject = 183D790C233C88500000D300 /* Project object */;
}
