// !$*UTF8*$!
{
	archiveVersion = 1;
	classes = {
	};
	objectVersion = 50;
	objects = {

/* Begin PBXBuildFile section */
		18CD869E234CA12F00220E01 /* AppDelegate.swift in Sources */ = {isa = PBXBuildFile; fileRef = 18CD869D234CA12F00220E01 /* AppDelegate.swift */; };
		18CD86A0234CA12F00220E01 /* ViewController.swift in Sources */ = {isa = PBXBuildFile; fileRef = 18CD869F234CA12F00220E01 /* ViewController.swift */; };
		18CD86A3234CA12F00220E01 /* Main.storyboard in Resources */ = {isa = PBXBuildFile; fileRef = 18CD86A1234CA12F00220E01 /* Main.storyboard */; };
		18CD86A5234CA13100220E01 /* Assets.xcassets in Resources */ = {isa = PBXBuildFile; fileRef = 18CD86A4234CA13100220E01 /* Assets.xcassets */; };
		18CD86A8234CA13100220E01 /* LaunchScreen.storyboard in Resources */ = {isa = PBXBuildFile; fileRef = 18CD86A6234CA13100220E01 /* LaunchScreen.storyboard */; };
		18CD86B3234CAC9000220E01 /* Employee.swift in Sources */ = {isa = PBXBuildFile; fileRef = 18CD86B2234CAC9000220E01 /* Employee.swift */; };
		18CD86B5234CAE1A00220E01 /* UserDefaultDataSave.swift in Sources */ = {isa = PBXBuildFile; fileRef = 18CD86B4234CAE1A00220E01 /* UserDefaultDataSave.swift */; };
/* End PBXBuildFile section */

/* Begin PBXFileReference section */
		18CD869A234CA12F00220E01 /* Core data.app */ = {isa = PBXFileReference; explicitFileType = wrapper.application; includeInIndex = 0; path = "Core data.app"; sourceTree = BUILT_PRODUCTS_DIR; };
		18CD869D234CA12F00220E01 /* AppDelegate.swift */ = {isa = PBXFileReference; lastKnownFileType = sourcecode.swift; path = AppDelegate.swift; sourceTree = "<group>"; };
		18CD869F234CA12F00220E01 /* ViewController.swift */ = {isa = PBXFileReference; lastKnownFileType = sourcecode.swift; path = ViewController.swift; sourceTree = "<group>"; };
		18CD86A2234CA12F00220E01 /* Base */ = {isa = PBXFileReference; lastKnownFileType = file.storyboard; name = Base; path = Base.lproj/Main.storyboard; sourceTree = "<group>"; };
		18CD86A4234CA13100220E01 /* Assets.xcassets */ = {isa = PBXFileReference; lastKnownFileType = folder.assetcatalog; path = Assets.xcassets; sourceTree = "<group>"; };
		18CD86A7234CA13100220E01 /* Base */ = {isa = PBXFileReference; lastKnownFileType = file.storyboard; name = Base; path = Base.lproj/LaunchScreen.storyboard; sourceTree = "<group>"; };
		18CD86A9234CA13100220E01 /* Info.plist */ = {isa = PBXFileReference; lastKnownFileType = text.plist.xml; path = Info.plist; sourceTree = "<group>"; };
		18CD86B2234CAC9000220E01 /* Employee.swift */ = {isa = PBXFileReference; lastKnownFileType = sourcecode.swift; path = Employee.swift; sourceTree = "<group>"; };
		18CD86B4234CAE1A00220E01 /* UserDefaultDataSave.swift */ = {isa = PBXFileReference; lastKnownFileType = sourcecode.swift; path = UserDefaultDataSave.swift; sourceTree = "<group>"; };
/* End PBXFileReference section */

/* Begin PBXFrameworksBuildPhase section */
		18CD8697234CA12F00220E01 /* Frameworks */ = {
			isa = PBXFrameworksBuildPhase;
			buildActionMask = 2147483647;
			files = (
			);
			runOnlyForDeploymentPostprocessing = 0;
		};
/* End PBXFrameworksBuildPhase section */

/* Begin PBXGroup section */
		18CD8691234CA12F00220E01 = {
			isa = PBXGroup;
			children = (
				18CD869C234CA12F00220E01 /* Core data */,
				18CD869B234CA12F00220E01 /* Products */,
			);
			sourceTree = "<group>";
		};
		18CD869B234CA12F00220E01 /* Products */ = {
			isa = PBXGroup;
			children = (
				18CD869A234CA12F00220E01 /* Core data.app */,
			);
			name = Products;
			sourceTree = "<group>";
		};
		18CD869C234CA12F00220E01 /* Core data */ = {
			isa = PBXGroup;
			children = (
				18CD869D234CA12F00220E01 /* AppDelegate.swift */,
				18CD869F234CA12F00220E01 /* ViewController.swift */,
				18CD86B2234CAC9000220E01 /* Employee.swift */,
				18CD86B4234CAE1A00220E01 /* UserDefaultDataSave.swift */,
				18CD86A1234CA12F00220E01 /* Main.storyboard */,
				18CD86A4234CA13100220E01 /* Assets.xcassets */,
				18CD86A6234CA13100220E01 /* LaunchScreen.storyboard */,
				18CD86A9234CA13100220E01 /* Info.plist */,
			);
			path = "Core data";
			sourceTree = "<group>";
		};
/* End PBXGroup section */

/* Begin PBXNativeTarget section */
		18CD8699234CA12F00220E01 /* Core data */ = {
			isa = PBXNativeTarget;
			buildConfigurationList = 18CD86AC234CA13100220E01 /* Build configuration list for PBXNativeTarget "Core data" */;
			buildPhases = (
				18CD8696234CA12F00220E01 /* Sources */,
				18CD8697234CA12F00220E01 /* Frameworks */,
				18CD8698234CA12F00220E01 /* Resources */,
			);
			buildRules = (
			);
			dependencies = (
			);
			name = "Core data";
			productName = "Core data";
			productReference = 18CD869A234CA12F00220E01 /* Core data.app */;
			productType = "com.apple.product-type.application";
		};
/* End PBXNativeTarget section */

/* Begin PBXProject section */
		18CD8692234CA12F00220E01 /* Project object */ = {
			isa = PBXProject;
			attributes = {
				LastSwiftUpdateCheck = 1020;
				LastUpgradeCheck = 1020;
				ORGANIZATIONNAME = Appinventiv;
				TargetAttributes = {
					18CD8699234CA12F00220E01 = {
						CreatedOnToolsVersion = 10.2.1;
					};
				};
			};
			buildConfigurationList = 18CD8695234CA12F00220E01 /* Build configuration list for PBXProject "Core data" */;
			compatibilityVersion = "Xcode 9.3";
			developmentRegion = en;
			hasScannedForEncodings = 0;
			knownRegions = (
				en,
				Base,
			);
			mainGroup = 18CD8691234CA12F00220E01;
			productRefGroup = 18CD869B234CA12F00220E01 /* Products */;
			projectDirPath = "";
			projectRoot = "";
			targets = (
				18CD8699234CA12F00220E01 /* Core data */,
			);
		};
/* End PBXProject section */

/* Begin PBXResourcesBuildPhase section */
		18CD8698234CA12F00220E01 /* Resources */ = {
			isa = PBXResourcesBuildPhase;
			buildActionMask = 2147483647;
			files = (
				18CD86A8234CA13100220E01 /* LaunchScreen.storyboard in Resources */,
				18CD86A5234CA13100220E01 /* Assets.xcassets in Resources */,
				18CD86A3234CA12F00220E01 /* Main.storyboard in Resources */,
			);
			runOnlyForDeploymentPostprocessing = 0;
		};
/* End PBXResourcesBuildPhase section */

/* Begin PBXSourcesBuildPhase section */
		18CD8696234CA12F00220E01 /* Sources */ = {
			isa = PBXSourcesBuildPhase;
			buildActionMask = 2147483647;
			files = (
				18CD86A0234CA12F00220E01 /* ViewController.swift in Sources */,
				18CD86B5234CAE1A00220E01 /* UserDefaultDataSave.swift in Sources */,
				18CD86B3234CAC9000220E01 /* Employee.swift in Sources */,
				18CD869E234CA12F00220E01 /* AppDelegate.swift in Sources */,
			);
			runOnlyForDeploymentPostprocessing = 0;
		};
/* End PBXSourcesBuildPhase section */

/* Begin PBXVariantGroup section */
		18CD86A1234CA12F00220E01 /* Main.storyboard */ = {
			isa = PBXVariantGroup;
			children = (
				18CD86A2234CA12F00220E01 /* Base */,
			);
			name = Main.storyboard;
			sourceTree = "<group>";
		};
		18CD86A6234CA13100220E01 /* LaunchScreen.storyboard */ = {
			isa = PBXVariantGroup;
			children = (
				18CD86A7234CA13100220E01 /* Base */,
			);
			name = LaunchScreen.storyboard;
			sourceTree = "<group>";
		};
/* End PBXVariantGroup section */

/* Begin XCBuildConfiguration section */
		18CD86AA234CA13100220E01 /* Debug */ = {
			isa = XCBuildConfiguration;
			buildSettings = {
				ALWAYS_SEARCH_USER_PATHS = NO;
				CLANG_ANALYZER_NONNULL = YES;
				CLANG_ANALYZER_NUMBER_OBJECT_CONVERSION = YES_AGGRESSIVE;
				CLANG_CXX_LANGUAGE_STANDARD = "gnu++14";
				CLANG_CXX_LIBRARY = "libc++";
				CLANG_ENABLE_MODULES = YES;
				CLANG_ENABLE_OBJC_ARC = YES;
				CLANG_ENABLE_OBJC_WEAK = YES;
				CLANG_WARN_BLOCK_CAPTURE_AUTORELEASING = YES;
				CLANG_WARN_BOOL_CONVERSION = YES;
				CLANG_WARN_COMMA = YES;
				CLANG_WARN_CONSTANT_CONVERSION = YES;
				CLANG_WARN_DEPRECATED_OBJC_IMPLEMENTATIONS = YES;
				CLANG_WARN_DIRECT_OBJC_ISA_USAGE = YES_ERROR;
				CLANG_WARN_DOCUMENTATION_COMMENTS = YES;
				CLANG_WARN_EMPTY_BODY = YES;
				CLANG_WARN_ENUM_CONVERSION = YES;
				CLANG_WARN_INFINITE_RECURSION = YES;
				CLANG_WARN_INT_CONVERSION = YES;
				CLANG_WARN_NON_LITERAL_NULL_CONVERSION = YES;
				CLANG_WARN_OBJC_IMPLICIT_RETAIN_SELF = YES;
				CLANG_WARN_OBJC_LITERAL_CONVERSION = YES;
				CLANG_WARN_OBJC_ROOT_CLASS = YES_ERROR;
				CLANG_WARN_RANGE_LOOP_ANALYSIS = YES;
				CLANG_WARN_STRICT_PROTOTYPES = YES;
				CLANG_WARN_SUSPICIOUS_MOVE = YES;
				CLANG_WARN_UNGUARDED_AVAILABILITY = YES_AGGRESSIVE;
				CLANG_WARN_UNREACHABLE_CODE = YES;
				CLANG_WARN__DUPLICATE_METHOD_MATCH = YES;
				CODE_SIGN_IDENTITY = "iPhone Developer";
				COPY_PHASE_STRIP = NO;
				DEBUG_INFORMATION_FORMAT = dwarf;
				ENABLE_STRICT_OBJC_MSGSEND = YES;
				ENABLE_TESTABILITY = YES;
				GCC_C_LANGUAGE_STANDARD = gnu11;
				GCC_DYNAMIC_NO_PIC = NO;
				GCC_NO_COMMON_BLOCKS = YES;
				GCC_OPTIMIZATION_LEVEL = 0;
				GCC_PREPROCESSOR_DEFINITIONS = (
					"DEBUG=1",
					"$(inherited)",
				);
				GCC_WARN_64_TO_32_BIT_CONVERSION = YES;
				GCC_WARN_ABOUT_RETURN_TYPE = YES_ERROR;
				GCC_WARN_UNDECLARED_SELECTOR = YES;
				GCC_WARN_UNINITIALIZED_AUTOS = YES_AGGRESSIVE;
				GCC_WARN_UNUSED_FUNCTION = YES;
				GCC_WARN_UNUSED_VARIABLE = YES;
				IPHONEOS_DEPLOYMENT_TARGET = 12.2;
				MTL_ENABLE_DEBUG_INFO = INCLUDE_SOURCE;
				MTL_FAST_MATH = YES;
				ONLY_ACTIVE_ARCH = YES;
				SDKROOT = iphoneos;
				SWIFT_ACTIVE_COMPILATION_CONDITIONS = DEBUG;
				SWIFT_OPTIMIZATION_LEVEL = "-Onone";
			};
			name = Debug;
		};
		18CD86AB234CA13100220E01 /* Release */ = {
			isa = XCBuildConfiguration;
			buildSettings = {
				ALWAYS_SEARCH_USER_PATHS = NO;
				CLANG_ANALYZER_NONNULL = YES;
				CLANG_ANALYZER_NUMBER_OBJECT_CONVERSION = YES_AGGRESSIVE;
				CLANG_CXX_LANGUAGE_STANDARD = "gnu++14";
				CLANG_CXX_LIBRARY = "libc++";
				CLANG_ENABLE_MODULES = YES;
				CLANG_ENABLE_OBJC_ARC = YES;
				CLANG_ENABLE_OBJC_WEAK = YES;
				CLANG_WARN_BLOCK_CAPTURE_AUTORELEASING = YES;
				CLANG_WARN_BOOL_CONVERSION = YES;
				CLANG_WARN_COMMA = YES;
				CLANG_WARN_CONSTANT_CONVERSION = YES;
				CLANG_WARN_DEPRECATED_OBJC_IMPLEMENTATIONS = YES;
				CLANG_WARN_DIRECT_OBJC_ISA_USAGE = YES_ERROR;
				CLANG_WARN_DOCUMENTATION_COMMENTS = YES;
				CLANG_WARN_EMPTY_BODY = YES;
				CLANG_WARN_ENUM_CONVERSION = YES;
				CLANG_WARN_INFINITE_RECURSION = YES;
				CLANG_WARN_INT_CONVERSION = YES;
				CLANG_WARN_NON_LITERAL_NULL_CONVERSION = YES;
				CLANG_WARN_OBJC_IMPLICIT_RETAIN_SELF = YES;
				CLANG_WARN_OBJC_LITERAL_CONVERSION = YES;
				CLANG_WARN_OBJC_ROOT_CLASS = YES_ERROR;
				CLANG_WARN_RANGE_LOOP_ANALYSIS = YES;
				CLANG_WARN_STRICT_PROTOTYPES = YES;
				CLANG_WARN_SUSPICIOUS_MOVE = YES;
				CLANG_WARN_UNGUARDED_AVAILABILITY = YES_AGGRESSIVE;
				CLANG_WARN_UNREACHABLE_CODE = YES;
				CLANG_WARN__DUPLICATE_METHOD_MATCH = YES;
				CODE_SIGN_IDENTITY = "iPhone Developer";
				COPY_PHASE_STRIP = NO;
				DEBUG_INFORMATION_FORMAT = "dwarf-with-dsym";
				ENABLE_NS_ASSERTIONS = NO;
				ENABLE_STRICT_OBJC_MSGSEND = YES;
				GCC_C_LANGUAGE_STANDARD = gnu11;
				GCC_NO_COMMON_BLOCKS = YES;
				GCC_WARN_64_TO_32_BIT_CONVERSION = YES;
				GCC_WARN_ABOUT_RETURN_TYPE = YES_ERROR;
				GCC_WARN_UNDECLARED_SELECTOR = YES;
				GCC_WARN_UNINITIALIZED_AUTOS = YES_AGGRESSIVE;
				GCC_WARN_UNUSED_FUNCTION = YES;
				GCC_WARN_UNUSED_VARIABLE = YES;
				IPHONEOS_DEPLOYMENT_TARGET = 12.2;
				MTL_ENABLE_DEBUG_INFO = NO;
				MTL_FAST_MATH = YES;
				SDKROOT = iphoneos;
				SWIFT_COMPILATION_MODE = wholemodule;
				SWIFT_OPTIMIZATION_LEVEL = "-O";
				VALIDATE_PRODUCT = YES;
			};
			name = Release;
		};
		18CD86AD234CA13100220E01 /* Debug */ = {
			isa = XCBuildConfiguration;
			buildSettings = {
				ASSETCATALOG_COMPILER_APPICON_NAME = AppIcon;
				CODE_SIGN_STYLE = Automatic;
				INFOPLIST_FILE = "Core data/Info.plist";
				LD_RUNPATH_SEARCH_PATHS = (
					"$(inherited)",
					"@executable_path/Frameworks",
				);
				PRODUCT_BUNDLE_IDENTIFIER = "com.appinventiv.Core-data";
				PRODUCT_NAME = "$(TARGET_NAME)";
				SWIFT_VERSION = 5.0;
				TARGETED_DEVICE_FAMILY = "1,2";
			};
			name = Debug;
		};
		18CD86AE234CA13100220E01 /* Release */ = {
			isa = XCBuildConfiguration;
			buildSettings = {
				ASSETCATALOG_COMPILER_APPICON_NAME = AppIcon;
				CODE_SIGN_STYLE = Automatic;
				INFOPLIST_FILE = "Core data/Info.plist";
				LD_RUNPATH_SEARCH_PATHS = (
					"$(inherited)",
					"@executable_path/Frameworks",
				);
				PRODUCT_BUNDLE_IDENTIFIER = "com.appinventiv.Core-data";
				PRODUCT_NAME = "$(TARGET_NAME)";
				SWIFT_VERSION = 5.0;
				TARGETED_DEVICE_FAMILY = "1,2";
			};
			name = Release;
		};
/* End XCBuildConfiguration section */

/* Begin XCConfigurationList section */
		18CD8695234CA12F00220E01 /* Build configuration list for PBXProject "Core data" */ = {
			isa = XCConfigurationList;
			buildConfigurations = (
				18CD86AA234CA13100220E01 /* Debug */,
				18CD86AB234CA13100220E01 /* Release */,
			);
			defaultConfigurationIsVisible = 0;
			defaultConfigurationName = Release;
		};
		18CD86AC234CA13100220E01 /* Build configuration list for PBXNativeTarget "Core data" */ = {
			isa = XCConfigurationList;
			buildConfigurations = (
				18CD86AD234CA13100220E01 /* Debug */,
				18CD86AE234CA13100220E01 /* Release */,
			);
			defaultConfigurationIsVisible = 0;
			defaultConfigurationName = Release;
		};
/* End XCConfigurationList section */
	};
	rootObject = 18CD8692234CA12F00220E01 /* Project object */;
}
